
Microsoft Visual Studio Solution File, Format Version 12.00
# Visual Studio Version 17
VisualStudioVersion = 17.8.34525.116
MinimumVisualStudioVersion = 10.0.40219.1
Project("{FAE04EC0-301F-11D3-BF4B-00C04F79EFBC}") = "genegames", "genegames.csproj", "{10903922-C0FE-45AD-9186-1C6AA321A448}"
EndProject
Global
	GlobalSection(SolutionConfigurationPlatforms) = preSolution
		Debug|Any CPU = Debug|Any CPU
		Release|Any CPU = Release|Any CPU
	EndGlobalSection
	GlobalSection(ProjectConfigurationPlatforms) = postSolution
		{10903922-C0FE-45AD-9186-1C6AA321A448}.Debug|Any CPU.ActiveCfg = Debug|Any CPU
		{10903922-C0FE-45AD-9186-1C6AA321A448}.Debug|Any CPU.Build.0 = Debug|Any CPU
		{10903922-C0FE-45AD-9186-1C6AA321A448}.Release|Any CPU.ActiveCfg = Release|Any CPU
		{10903922-C0FE-45AD-9186-1C6AA321A448}.Release|Any CPU.Build.0 = Release|Any CPU
	EndGlobalSection
	GlobalSection(SolutionProperties) = preSolution
		HideSolutionNode = FALSE
	EndGlobalSection
	GlobalSection(ExtensibilityGlobals) = postSolution
		SolutionGuid = {7D1351D3-A96D-49F8-BE3E-58436D33FE3C}
	EndGlobalSection
EndGlobal
